
Microsoft Visual Studio Solution File, Format Version 12.00
# Visual Studio Version 17
VisualStudioVersion = 17.0.31919.166
MinimumVisualStudioVersion = 10.0.40219.1
Project("{FAE04EC0-301F-11D3-BF4B-00C04F79EFBC}") = "FindETWProviderImage", "FindETWProviderImage.csproj", "{D772AB40-7944-4777-84AD-2B628B6E6FF2}"
EndProject
Global
	GlobalSection(SolutionConfigurationPlatforms) = preSolution
		Debug|Any CPU = Debug|Any CPU
		Release|Any CPU = Release|Any CPU
	EndGlobalSection
	GlobalSection(ProjectConfigurationPlatforms) = postSolution
		{D772AB40-7944-4777-84AD-2B628B6E6FF2}.Debug|Any CPU.ActiveCfg = Debug|Any CPU
		{D772AB40-7944-4777-84AD-2B628B6E6FF2}.Debug|Any CPU.Build.0 = Debug|Any CPU
		{D772AB40-7944-4777-84AD-2B628B6E6FF2}.Release|Any CPU.ActiveCfg = Release|Any CPU
		{D772AB40-7944-4777-84AD-2B628B6E6FF2}.Release|Any CPU.Build.0 = Release|Any CPU
	EndGlobalSection
	GlobalSection(SolutionProperties) = preSolution
		HideSolutionNode = FALSE
	EndGlobalSection
	GlobalSection(ExtensibilityGlobals) = postSolution
		SolutionGuid = {4567A521-014F-43AD-8928-32AD1381324C}
	EndGlobalSection
EndGlobal
